
Microsoft Visual Studio Solution File, Format Version 12.00
# Visual Studio Version 17
VisualStudioVersion = 17.5.33414.496
MinimumVisualStudioVersion = 10.0.40219.1
Project("{2150E333-8FDC-42A3-9474-1A3956D46DE8}") = "Services", "Services", "{FBB26C53-81B0-4CBB-A7F2-6100F5655B60}"
EndProject
Project("{2150E333-8FDC-42A3-9474-1A3956D46DE8}") = "Library", "Library", "{76EA1D65-4BE4-4C51-AF8F-83B1614032B9}"
EndProject
Project("{9A19103F-16F7-4668-BE54-9A1E7A4F7556}") = "ApiGateway", "ApiGateway\ApiGateway.csproj", "{365321F3-4913-41DD-8E81-0B383943E7B3}"
EndProject
Project("{2150E333-8FDC-42A3-9474-1A3956D46DE8}") = "Gateway", "Gateway", "{73974F7D-319E-4F7F-8C3C-5630F280CD97}"
EndProject
Project("{9A19103F-16F7-4668-BE54-9A1E7A4F7556}") = "Library.API", "Library.API\Library.API.csproj", "{C22359E6-8141-47F6-9C4D-857BCA5AFD7A}"
EndProject
Project("{9A19103F-16F7-4668-BE54-9A1E7A4F7556}") = "Library.DataAccess", "Library.DataAccess\Library.DataAccess.csproj", "{C14B2B21-E19B-430B-85FA-C5FC60BFEBFD}"
EndProject
Project("{9A19103F-16F7-4668-BE54-9A1E7A4F7556}") = "Library.Application", "Library.Application\Library.Application.csproj", "{1C4ADFE5-3211-42C0-8E68-40F5E90065BC}"
EndProject
Project("{2150E333-8FDC-42A3-9474-1A3956D46DE8}") = "Identity", "Identity", "{7271FA40-880C-44B0-99C8-BC55A7B101D5}"
EndProject
Project("{FAE04EC0-301F-11D3-BF4B-00C04F79EFBC}") = "Identity.API", "Identity.API\Identity.API.csproj", "{A9EB169F-0B27-4E4C-A75D-D735C5B6AE85}"
EndProject
Project("{FAE04EC0-301F-11D3-BF4B-00C04F79EFBC}") = "Identity.Application", "Identity.Application\Identity.Application.csproj", "{5C3834C4-B519-413C-9479-9CA8068B4B10}"
EndProject
Project("{FAE04EC0-301F-11D3-BF4B-00C04F79EFBC}") = "Identity.DataAccess", "Identity.DataAccess\Identity.DataAccess.csproj", "{DC141274-8024-4D0E-BC57-319F59DEBC28}"
EndProject
Global
	GlobalSection(SolutionConfigurationPlatforms) = preSolution
		Debug|Any CPU = Debug|Any CPU
		Release|Any CPU = Release|Any CPU
	EndGlobalSection
	GlobalSection(ProjectConfigurationPlatforms) = postSolution
		{365321F3-4913-41DD-8E81-0B383943E7B3}.Debug|Any CPU.ActiveCfg = Debug|Any CPU
		{365321F3-4913-41DD-8E81-0B383943E7B3}.Debug|Any CPU.Build.0 = Debug|Any CPU
		{365321F3-4913-41DD-8E81-0B383943E7B3}.Release|Any CPU.ActiveCfg = Release|Any CPU
		{365321F3-4913-41DD-8E81-0B383943E7B3}.Release|Any CPU.Build.0 = Release|Any CPU
		{C22359E6-8141-47F6-9C4D-857BCA5AFD7A}.Debug|Any CPU.ActiveCfg = Debug|Any CPU
		{C22359E6-8141-47F6-9C4D-857BCA5AFD7A}.Debug|Any CPU.Build.0 = Debug|Any CPU
		{C22359E6-8141-47F6-9C4D-857BCA5AFD7A}.Release|Any CPU.ActiveCfg = Release|Any CPU
		{C22359E6-8141-47F6-9C4D-857BCA5AFD7A}.Release|Any CPU.Build.0 = Release|Any CPU
		{C14B2B21-E19B-430B-85FA-C5FC60BFEBFD}.Debug|Any CPU.ActiveCfg = Debug|Any CPU
		{C14B2B21-E19B-430B-85FA-C5FC60BFEBFD}.Debug|Any CPU.Build.0 = Debug|Any CPU
		{C14B2B21-E19B-430B-85FA-C5FC60BFEBFD}.Release|Any CPU.ActiveCfg = Release|Any CPU
		{C14B2B21-E19B-430B-85FA-C5FC60BFEBFD}.Release|Any CPU.Build.0 = Release|Any CPU
		{1C4ADFE5-3211-42C0-8E68-40F5E90065BC}.Debug|Any CPU.ActiveCfg = Debug|Any CPU
		{1C4ADFE5-3211-42C0-8E68-40F5E90065BC}.Debug|Any CPU.Build.0 = Debug|Any CPU
		{1C4ADFE5-3211-42C0-8E68-40F5E90065BC}.Release|Any CPU.ActiveCfg = Release|Any CPU
		{1C4ADFE5-3211-42C0-8E68-40F5E90065BC}.Release|Any CPU.Build.0 = Release|Any CPU
		{A9EB169F-0B27-4E4C-A75D-D735C5B6AE85}.Debug|Any CPU.ActiveCfg = Debug|Any CPU
		{A9EB169F-0B27-4E4C-A75D-D735C5B6AE85}.Debug|Any CPU.Build.0 = Debug|Any CPU
		{A9EB169F-0B27-4E4C-A75D-D735C5B6AE85}.Release|Any CPU.ActiveCfg = Release|Any CPU
		{A9EB169F-0B27-4E4C-A75D-D735C5B6AE85}.Release|Any CPU.Build.0 = Release|Any CPU
		{5C3834C4-B519-413C-9479-9CA8068B4B10}.Debug|Any CPU.ActiveCfg = Debug|Any CPU
		{5C3834C4-B519-413C-9479-9CA8068B4B10}.Debug|Any CPU.Build.0 = Debug|Any CPU
		{5C3834C4-B519-413C-9479-9CA8068B4B10}.Release|Any CPU.ActiveCfg = Release|Any CPU
		{5C3834C4-B519-413C-9479-9CA8068B4B10}.Release|Any CPU.Build.0 = Release|Any CPU
		{DC141274-8024-4D0E-BC57-319F59DEBC28}.Debug|Any CPU.ActiveCfg = Debug|Any CPU
		{DC141274-8024-4D0E-BC57-319F59DEBC28}.Debug|Any CPU.Build.0 = Debug|Any CPU
		{DC141274-8024-4D0E-BC57-319F59DEBC28}.Release|Any CPU.ActiveCfg = Release|Any CPU
		{DC141274-8024-4D0E-BC57-319F59DEBC28}.Release|Any CPU.Build.0 = Release|Any CPU
	EndGlobalSection
	GlobalSection(SolutionProperties) = preSolution
		HideSolutionNode = FALSE
	EndGlobalSection
	GlobalSection(NestedProjects) = preSolution
		{76EA1D65-4BE4-4C51-AF8F-83B1614032B9} = {FBB26C53-81B0-4CBB-A7F2-6100F5655B60}
		{365321F3-4913-41DD-8E81-0B383943E7B3} = {73974F7D-319E-4F7F-8C3C-5630F280CD97}
		{C22359E6-8141-47F6-9C4D-857BCA5AFD7A} = {76EA1D65-4BE4-4C51-AF8F-83B1614032B9}
		{C14B2B21-E19B-430B-85FA-C5FC60BFEBFD} = {76EA1D65-4BE4-4C51-AF8F-83B1614032B9}
		{1C4ADFE5-3211-42C0-8E68-40F5E90065BC} = {76EA1D65-4BE4-4C51-AF8F-83B1614032B9}
		{7271FA40-880C-44B0-99C8-BC55A7B101D5} = {FBB26C53-81B0-4CBB-A7F2-6100F5655B60}
		{A9EB169F-0B27-4E4C-A75D-D735C5B6AE85} = {7271FA40-880C-44B0-99C8-BC55A7B101D5}
		{5C3834C4-B519-413C-9479-9CA8068B4B10} = {7271FA40-880C-44B0-99C8-BC55A7B101D5}
		{DC141274-8024-4D0E-BC57-319F59DEBC28} = {7271FA40-880C-44B0-99C8-BC55A7B101D5}
	EndGlobalSection
	GlobalSection(ExtensibilityGlobals) = postSolution
		SolutionGuid = {A4E9C063-C853-4916-B7BB-752E786663F9}
	EndGlobalSection
EndGlobal
